// !$*UTF8*$!
{
	archiveVersion = 1;
	classes = {
	};
	objectVersion = 56;
	objects = {

/* Begin PBXBuildFile section */
		870366232A30DBFF006B40B7 /* HomeViewController.swift in Sources */ = {isa = PBXBuildFile; fileRef = 870366222A30DBFF006B40B7 /* HomeViewController.swift */; };
		8703662B2A30DEEF006B40B7 /* FirebaseAuth in Frameworks */ = {isa = PBXBuildFile; productRef = 8703662A2A30DEEF006B40B7 /* FirebaseAuth */; };
		8703662D2A30DEEF006B40B7 /* FirebaseAuthCombine-Community in Frameworks */ = {isa = PBXBuildFile; productRef = 8703662C2A30DEEF006B40B7 /* FirebaseAuthCombine-Community */; };
		8703662F2A30DEEF006B40B7 /* FirebaseDatabase in Frameworks */ = {isa = PBXBuildFile; productRef = 8703662E2A30DEEF006B40B7 /* FirebaseDatabase */; };
		870366312A30DEEF006B40B7 /* FirebaseDatabaseSwift in Frameworks */ = {isa = PBXBuildFile; productRef = 870366302A30DEEF006B40B7 /* FirebaseDatabaseSwift */; };
		870366332A30DEEF006B40B7 /* FirebaseFirestore in Frameworks */ = {isa = PBXBuildFile; productRef = 870366322A30DEEF006B40B7 /* FirebaseFirestore */; };
		870366352A30DEEF006B40B7 /* FirebaseFirestoreSwift in Frameworks */ = {isa = PBXBuildFile; productRef = 870366342A30DEEF006B40B7 /* FirebaseFirestoreSwift */; };
		870366372A30DEEF006B40B7 /* FirebaseStorage in Frameworks */ = {isa = PBXBuildFile; productRef = 870366362A30DEEF006B40B7 /* FirebaseStorage */; };
		870366392A30DF32006B40B7 /* GoogleService-Info.plist in Resources */ = {isa = PBXBuildFile; fileRef = 870366382A30DF32006B40B7 /* GoogleService-Info.plist */; };
		8703663B2A30DFCC006B40B7 /* HomeViewModel.swift in Sources */ = {isa = PBXBuildFile; fileRef = 8703663A2A30DFCC006B40B7 /* HomeViewModel.swift */; };
		8729E9022A30D69C006E5F6D /* AppDelegate.swift in Sources */ = {isa = PBXBuildFile; fileRef = 8729E9012A30D69C006E5F6D /* AppDelegate.swift */; };
		8729E9042A30D69C006E5F6D /* SceneDelegate.swift in Sources */ = {isa = PBXBuildFile; fileRef = 8729E9032A30D69C006E5F6D /* SceneDelegate.swift */; };
		8729E9062A30D69C006E5F6D /* ViewController.swift in Sources */ = {isa = PBXBuildFile; fileRef = 8729E9052A30D69C006E5F6D /* ViewController.swift */; };
		8729E9092A30D69C006E5F6D /* Main.storyboard in Resources */ = {isa = PBXBuildFile; fileRef = 8729E9072A30D69C006E5F6D /* Main.storyboard */; };
		8729E90B2A30D69D006E5F6D /* Assets.xcassets in Resources */ = {isa = PBXBuildFile; fileRef = 8729E90A2A30D69D006E5F6D /* Assets.xcassets */; };
		8729E90E2A30D69D006E5F6D /* LaunchScreen.storyboard in Resources */ = {isa = PBXBuildFile; fileRef = 8729E90C2A30D69D006E5F6D /* LaunchScreen.storyboard */; };
		8729E9162A30D78E006E5F6D /* DidDoViewController.swift in Sources */ = {isa = PBXBuildFile; fileRef = 8729E9152A30D78E006E5F6D /* DidDoViewController.swift */; };
/* End PBXBuildFile section */

/* Begin PBXFileReference section */
		870366222A30DBFF006B40B7 /* HomeViewController.swift */ = {isa = PBXFileReference; lastKnownFileType = sourcecode.swift; path = HomeViewController.swift; sourceTree = "<group>"; };
		870366382A30DF32006B40B7 /* GoogleService-Info.plist */ = {isa = PBXFileReference; lastKnownFileType = text.plist; path = "GoogleService-Info.plist"; sourceTree = SOURCE_ROOT; };
		8703663A2A30DFCC006B40B7 /* HomeViewModel.swift */ = {isa = PBXFileReference; lastKnownFileType = sourcecode.swift; path = HomeViewModel.swift; sourceTree = "<group>"; };
		8729E8FE2A30D69C006E5F6D /* ToDo.app */ = {isa = PBXFileReference; explicitFileType = wrapper.application; includeInIndex = 0; path = ToDo.app; sourceTree = BUILT_PRODUCTS_DIR; };
		8729E9012A30D69C006E5F6D /* AppDelegate.swift */ = {isa = PBXFileReference; lastKnownFileType = sourcecode.swift; path = AppDelegate.swift; sourceTree = "<group>"; };
		8729E9032A30D69C006E5F6D /* SceneDelegate.swift */ = {isa = PBXFileReference; lastKnownFileType = sourcecode.swift; path = SceneDelegate.swift; sourceTree = "<group>"; };
		8729E9052A30D69C006E5F6D /* ViewController.swift */ = {isa = PBXFileReference; lastKnownFileType = sourcecode.swift; path = ViewController.swift; sourceTree = "<group>"; };
		8729E9082A30D69C006E5F6D /* Base */ = {isa = PBXFileReference; lastKnownFileType = file.storyboard; name = Base; path = Base.lproj/Main.storyboard; sourceTree = "<group>"; };
		8729E90A2A30D69D006E5F6D /* Assets.xcassets */ = {isa = PBXFileReference; lastKnownFileType = folder.assetcatalog; path = Assets.xcassets; sourceTree = "<group>"; };
		8729E90D2A30D69D006E5F6D /* Base */ = {isa = PBXFileReference; lastKnownFileType = file.storyboard; name = Base; path = Base.lproj/LaunchScreen.storyboard; sourceTree = "<group>"; };
		8729E90F2A30D69D006E5F6D /* Info.plist */ = {isa = PBXFileReference; lastKnownFileType = text.plist.xml; path = Info.plist; sourceTree = "<group>"; };
		8729E9152A30D78E006E5F6D /* DidDoViewController.swift */ = {isa = PBXFileReference; lastKnownFileType = sourcecode.swift; path = DidDoViewController.swift; sourceTree = "<group>"; };
/* End PBXFileReference section */

/* Begin PBXFrameworksBuildPhase section */
		8729E8FB2A30D69C006E5F6D /* Frameworks */ = {
			isa = PBXFrameworksBuildPhase;
			buildActionMask = 2147483647;
			files = (
				870366312A30DEEF006B40B7 /* FirebaseDatabaseSwift in Frameworks */,
				8703662F2A30DEEF006B40B7 /* FirebaseDatabase in Frameworks */,
				8703662B2A30DEEF006B40B7 /* FirebaseAuth in Frameworks */,
				870366332A30DEEF006B40B7 /* FirebaseFirestore in Frameworks */,
				870366372A30DEEF006B40B7 /* FirebaseStorage in Frameworks */,
				8703662D2A30DEEF006B40B7 /* FirebaseAuthCombine-Community in Frameworks */,
				870366352A30DEEF006B40B7 /* FirebaseFirestoreSwift in Frameworks */,
			);
			runOnlyForDeploymentPostprocessing = 0;
		};
/* End PBXFrameworksBuildPhase section */

/* Begin PBXGroup section */
		8729E8F52A30D69C006E5F6D = {
			isa = PBXGroup;
			children = (
				8729E9002A30D69C006E5F6D /* ToDo */,
				8729E8FF2A30D69C006E5F6D /* Products */,
			);
			sourceTree = "<group>";
		};
		8729E8FF2A30D69C006E5F6D /* Products */ = {
			isa = PBXGroup;
			children = (
				8729E8FE2A30D69C006E5F6D /* ToDo.app */,
			);
			name = Products;
			sourceTree = "<group>";
		};
		8729E9002A30D69C006E5F6D /* ToDo */ = {
			isa = PBXGroup;
			children = (
				8729E9012A30D69C006E5F6D /* AppDelegate.swift */,
				8729E9032A30D69C006E5F6D /* SceneDelegate.swift */,
				8729E9072A30D69C006E5F6D /* Main.storyboard */,
				870366222A30DBFF006B40B7 /* HomeViewController.swift */,
				8729E9052A30D69C006E5F6D /* ViewController.swift */,
				8703663A2A30DFCC006B40B7 /* HomeViewModel.swift */,
				8729E9152A30D78E006E5F6D /* DidDoViewController.swift */,
				8729E90A2A30D69D006E5F6D /* Assets.xcassets */,
				8729E90C2A30D69D006E5F6D /* LaunchScreen.storyboard */,
				870366382A30DF32006B40B7 /* GoogleService-Info.plist */,
				8729E90F2A30D69D006E5F6D /* Info.plist */,
			);
			path = ToDo;
			sourceTree = "<group>";
		};
/* End PBXGroup section */

/* Begin PBXNativeTarget section */
		8729E8FD2A30D69C006E5F6D /* ToDo */ = {
			isa = PBXNativeTarget;
			buildConfigurationList = 8729E9122A30D69D006E5F6D /* Build configuration list for PBXNativeTarget "ToDo" */;
			buildPhases = (
				8729E8FA2A30D69C006E5F6D /* Sources */,
				8729E8FB2A30D69C006E5F6D /* Frameworks */,
				8729E8FC2A30D69C006E5F6D /* Resources */,
			);
			buildRules = (
			);
			dependencies = (
			);
			name = ToDo;
			packageProductDependencies = (
				8703662A2A30DEEF006B40B7 /* FirebaseAuth */,
				8703662C2A30DEEF006B40B7 /* FirebaseAuthCombine-Community */,
				8703662E2A30DEEF006B40B7 /* FirebaseDatabase */,
				870366302A30DEEF006B40B7 /* FirebaseDatabaseSwift */,
				870366322A30DEEF006B40B7 /* FirebaseFirestore */,
				870366342A30DEEF006B40B7 /* FirebaseFirestoreSwift */,
				870366362A30DEEF006B40B7 /* FirebaseStorage */,
			);
			productName = ToDo;
			productReference = 8729E8FE2A30D69C006E5F6D /* ToDo.app */;
			productType = "com.apple.product-type.application";
		};
/* End PBXNativeTarget section */

/* Begin PBXProject section */
		8729E8F62A30D69C006E5F6D /* Project object */ = {
			isa = PBXProject;
			attributes = {
				BuildIndependentTargetsInParallel = 1;
				LastSwiftUpdateCheck = 1430;
				LastUpgradeCheck = 1430;
				TargetAttributes = {
					8729E8FD2A30D69C006E5F6D = {
						CreatedOnToolsVersion = 14.3;
					};
				};
			};
			buildConfigurationList = 8729E8F92A30D69C006E5F6D /* Build configuration list for PBXProject "ToDo" */;
			compatibilityVersion = "Xcode 14.0";
			developmentRegion = en;
			hasScannedForEncodings = 0;
			knownRegions = (
				en,
				Base,
			);
			mainGroup = 8729E8F52A30D69C006E5F6D;
			packageReferences = (
				870366292A30DEEF006B40B7 /* XCRemoteSwiftPackageReference "firebase-ios-sdk" */,
			);
			productRefGroup = 8729E8FF2A30D69C006E5F6D /* Products */;
			projectDirPath = "";
			projectRoot = "";
			targets = (
				8729E8FD2A30D69C006E5F6D /* ToDo */,
			);
		};
/* End PBXProject section */

/* Begin PBXResourcesBuildPhase section */
		8729E8FC2A30D69C006E5F6D /* Resources */ = {
			isa = PBXResourcesBuildPhase;
			buildActionMask = 2147483647;
			files = (
				8729E90E2A30D69D006E5F6D /* LaunchScreen.storyboard in Resources */,
				870366392A30DF32006B40B7 /* GoogleService-Info.plist in Resources */,
				8729E90B2A30D69D006E5F6D /* Assets.xcassets in Resources */,
				8729E9092A30D69C006E5F6D /* Main.storyboard in Resources */,
			);
			runOnlyForDeploymentPostprocessing = 0;
		};
/* End PBXResourcesBuildPhase section */

/* Begin PBXSourcesBuildPhase section */
		8729E8FA2A30D69C006E5F6D /* Sources */ = {
			isa = PBXSourcesBuildPhase;
			buildActionMask = 2147483647;
			files = (
				870366232A30DBFF006B40B7 /* HomeViewController.swift in Sources */,
				8703663B2A30DFCC006B40B7 /* HomeViewModel.swift in Sources */,
				8729E9062A30D69C006E5F6D /* ViewController.swift in Sources */,
				8729E9022A30D69C006E5F6D /* AppDelegate.swift in Sources */,
				8729E9042A30D69C006E5F6D /* SceneDelegate.swift in Sources */,
				8729E9162A30D78E006E5F6D /* DidDoViewController.swift in Sources */,
			);
			runOnlyForDeploymentPostprocessing = 0;
		};
/* End PBXSourcesBuildPhase section */

/* Begin PBXVariantGroup section */
		8729E9072A30D69C006E5F6D /* Main.storyboard */ = {
			isa = PBXVariantGroup;
			children = (
				8729E9082A30D69C006E5F6D /* Base */,
			);
			name = Main.storyboard;
			sourceTree = "<group>";
		};
		8729E90C2A30D69D006E5F6D /* LaunchScreen.storyboard */ = {
			isa = PBXVariantGroup;
			children = (
				8729E90D2A30D69D006E5F6D /* Base */,
			);
			name = LaunchScreen.storyboard;
			sourceTree = "<group>";
		};
/* End PBXVariantGroup section */

/* Begin XCBuildConfiguration section */
		8729E9102A30D69D006E5F6D /* Debug */ = {
			isa = XCBuildConfiguration;
			buildSettings = {
				ALWAYS_SEARCH_USER_PATHS = NO;
				CLANG_ANALYZER_NONNULL = YES;
				CLANG_ANALYZER_NUMBER_OBJECT_CONVERSION = YES_AGGRESSIVE;
				CLANG_CXX_LANGUAGE_STANDARD = "gnu++20";
				CLANG_ENABLE_MODULES = YES;
				CLANG_ENABLE_OBJC_ARC = YES;
				CLANG_ENABLE_OBJC_WEAK = YES;
				CLANG_WARN_BLOCK_CAPTURE_AUTORELEASING = YES;
				CLANG_WARN_BOOL_CONVERSION = YES;
				CLANG_WARN_COMMA = YES;
				CLANG_WARN_CONSTANT_CONVERSION = YES;
				CLANG_WARN_DEPRECATED_OBJC_IMPLEMENTATIONS = YES;
				CLANG_WARN_DIRECT_OBJC_ISA_USAGE = YES_ERROR;
				CLANG_WARN_DOCUMENTATION_COMMENTS = YES;
				CLANG_WARN_EMPTY_BODY = YES;
				CLANG_WARN_ENUM_CONVERSION = YES;
				CLANG_WARN_INFINITE_RECURSION = YES;
				CLANG_WARN_INT_CONVERSION = YES;
				CLANG_WARN_NON_LITERAL_NULL_CONVERSION = YES;
				CLANG_WARN_OBJC_IMPLICIT_RETAIN_SELF = YES;
				CLANG_WARN_OBJC_LITERAL_CONVERSION = YES;
				CLANG_WARN_OBJC_ROOT_CLASS = YES_ERROR;
				CLANG_WARN_QUOTED_INCLUDE_IN_FRAMEWORK_HEADER = YES;
				CLANG_WARN_RANGE_LOOP_ANALYSIS = YES;
				CLANG_WARN_STRICT_PROTOTYPES = YES;
				CLANG_WARN_SUSPICIOUS_MOVE = YES;
				CLANG_WARN_UNGUARDED_AVAILABILITY = YES_AGGRESSIVE;
				CLANG_WARN_UNREACHABLE_CODE = YES;
				CLANG_WARN__DUPLICATE_METHOD_MATCH = YES;
				COPY_PHASE_STRIP = NO;
				DEBUG_INFORMATION_FORMAT = dwarf;
				ENABLE_STRICT_OBJC_MSGSEND = YES;
				ENABLE_TESTABILITY = YES;
				GCC_C_LANGUAGE_STANDARD = gnu11;
				GCC_DYNAMIC_NO_PIC = NO;
				GCC_NO_COMMON_BLOCKS = YES;
				GCC_OPTIMIZATION_LEVEL = 0;
				GCC_PREPROCESSOR_DEFINITIONS = (
					"DEBUG=1",
					"$(inherited)",
				);
				GCC_WARN_64_TO_32_BIT_CONVERSION = YES;
				GCC_WARN_ABOUT_RETURN_TYPE = YES_ERROR;
				GCC_WARN_UNDECLARED_SELECTOR = YES;
				GCC_WARN_UNINITIALIZED_AUTOS = YES_AGGRESSIVE;
				GCC_WARN_UNUSED_FUNCTION = YES;
				GCC_WARN_UNUSED_VARIABLE = YES;
				IPHONEOS_DEPLOYMENT_TARGET = 16.4;
				MTL_ENABLE_DEBUG_INFO = INCLUDE_SOURCE;
				MTL_FAST_MATH = YES;
				ONLY_ACTIVE_ARCH = YES;
				SDKROOT = iphoneos;
				SWIFT_ACTIVE_COMPILATION_CONDITIONS = DEBUG;
				SWIFT_OPTIMIZATION_LEVEL = "-Onone";
			};
			name = Debug;
		};
		8729E9112A30D69D006E5F6D /* Release */ = {
			isa = XCBuildConfiguration;
			buildSettings = {
				ALWAYS_SEARCH_USER_PATHS = NO;
				CLANG_ANALYZER_NONNULL = YES;
				CLANG_ANALYZER_NUMBER_OBJECT_CONVERSION = YES_AGGRESSIVE;
				CLANG_CXX_LANGUAGE_STANDARD = "gnu++20";
				CLANG_ENABLE_MODULES = YES;
				CLANG_ENABLE_OBJC_ARC = YES;
				CLANG_ENABLE_OBJC_WEAK = YES;
				CLANG_WARN_BLOCK_CAPTURE_AUTORELEASING = YES;
				CLANG_WARN_BOOL_CONVERSION = YES;
				CLANG_WARN_COMMA = YES;
				CLANG_WARN_CONSTANT_CONVERSION = YES;
				CLANG_WARN_DEPRECATED_OBJC_IMPLEMENTATIONS = YES;
				CLANG_WARN_DIRECT_OBJC_ISA_USAGE = YES_ERROR;
				CLANG_WARN_DOCUMENTATION_COMMENTS = YES;
				CLANG_WARN_EMPTY_BODY = YES;
				CLANG_WARN_ENUM_CONVERSION = YES;
				CLANG_WARN_INFINITE_RECURSION = YES;
				CLANG_WARN_INT_CONVERSION = YES;
				CLANG_WARN_NON_LITERAL_NULL_CONVERSION = YES;
				CLANG_WARN_OBJC_IMPLICIT_RETAIN_SELF = YES;
				CLANG_WARN_OBJC_LITERAL_CONVERSION = YES;
				CLANG_WARN_OBJC_ROOT_CLASS = YES_ERROR;
				CLANG_WARN_QUOTED_INCLUDE_IN_FRAMEWORK_HEADER = YES;
				CLANG_WARN_RANGE_LOOP_ANALYSIS = YES;
				CLANG_WARN_STRICT_PROTOTYPES = YES;
				CLANG_WARN_SUSPICIOUS_MOVE = YES;
				CLANG_WARN_UNGUARDED_AVAILABILITY = YES_AGGRESSIVE;
				CLANG_WARN_UNREACHABLE_CODE = YES;
				CLANG_WARN__DUPLICATE_METHOD_MATCH = YES;
				COPY_PHASE_STRIP = NO;
				DEBUG_INFORMATION_FORMAT = "dwarf-with-dsym";
				ENABLE_NS_ASSERTIONS = NO;
				ENABLE_STRICT_OBJC_MSGSEND = YES;
				GCC_C_LANGUAGE_STANDARD = gnu11;
				GCC_NO_COMMON_BLOCKS = YES;
				GCC_WARN_64_TO_32_BIT_CONVERSION = YES;
				GCC_WARN_ABOUT_RETURN_TYPE = YES_ERROR;
				GCC_WARN_UNDECLARED_SELECTOR = YES;
				GCC_WARN_UNINITIALIZED_AUTOS = YES_AGGRESSIVE;
				GCC_WARN_UNUSED_FUNCTION = YES;
				GCC_WARN_UNUSED_VARIABLE = YES;
				IPHONEOS_DEPLOYMENT_TARGET = 16.4;
				MTL_ENABLE_DEBUG_INFO = NO;
				MTL_FAST_MATH = YES;
				SDKROOT = iphoneos;
				SWIFT_COMPILATION_MODE = wholemodule;
				SWIFT_OPTIMIZATION_LEVEL = "-O";
				VALIDATE_PRODUCT = YES;
			};
			name = Release;
		};
		8729E9132A30D69D006E5F6D /* Debug */ = {
			isa = XCBuildConfiguration;
			buildSettings = {
				ASSETCATALOG_COMPILER_APPICON_NAME = AppIcon;
				ASSETCATALOG_COMPILER_GLOBAL_ACCENT_COLOR_NAME = AccentColor;
				CODE_SIGN_STYLE = Automatic;
				CURRENT_PROJECT_VERSION = 1;
				DEVELOPMENT_TEAM = RR4NFLH86R;
				GENERATE_INFOPLIST_FILE = YES;
				INFOPLIST_FILE = ToDo/Info.plist;
				INFOPLIST_KEY_CFBundleDisplayName = ToDo;
				INFOPLIST_KEY_UIApplicationSupportsIndirectInputEvents = YES;
				INFOPLIST_KEY_UILaunchStoryboardName = LaunchScreen;
				INFOPLIST_KEY_UIMainStoryboardFile = Main;
				INFOPLIST_KEY_UISupportedInterfaceOrientations_iPad = "UIInterfaceOrientationPortrait UIInterfaceOrientationPortraitUpsideDown UIInterfaceOrientationLandscapeLeft UIInterfaceOrientationLandscapeRight";
				INFOPLIST_KEY_UISupportedInterfaceOrientations_iPhone = "UIInterfaceOrientationPortrait UIInterfaceOrientationLandscapeLeft UIInterfaceOrientationLandscapeRight";
				LD_RUNPATH_SEARCH_PATHS = (
					"$(inherited)",
					"@executable_path/Frameworks",
				);
				MARKETING_VERSION = 1.0;
				PRODUCT_BUNDLE_IDENTIFIER = arcacem.ToDo;
				PRODUCT_NAME = "$(TARGET_NAME)";
				SWIFT_EMIT_LOC_STRINGS = YES;
				SWIFT_VERSION = 5.0;
				TARGETED_DEVICE_FAMILY = "1,2";
			};
			name = Debug;
		};
		8729E9142A30D69D006E5F6D /* Release */ = {
			isa = XCBuildConfiguration;
			buildSettings = {
				ASSETCATALOG_COMPILER_APPICON_NAME = AppIcon;
				ASSETCATALOG_COMPILER_GLOBAL_ACCENT_COLOR_NAME = AccentColor;
				CODE_SIGN_STYLE = Automatic;
				CURRENT_PROJECT_VERSION = 1;
				DEVELOPMENT_TEAM = RR4NFLH86R;
				GENERATE_INFOPLIST_FILE = YES;
				INFOPLIST_FILE = ToDo/Info.plist;
				INFOPLIST_KEY_CFBundleDisplayName = ToDo;
				INFOPLIST_KEY_UIApplicationSupportsIndirectInputEvents = YES;
				INFOPLIST_KEY_UILaunchStoryboardName = LaunchScreen;
				INFOPLIST_KEY_UIMainStoryboardFile = Main;
				INFOPLIST_KEY_UISupportedInterfaceOrientations_iPad = "UIInterfaceOrientationPortrait UIInterfaceOrientationPortraitUpsideDown UIInterfaceOrientationLandscapeLeft UIInterfaceOrientationLandscapeRight";
				INFOPLIST_KEY_UISupportedInterfaceOrientations_iPhone = "UIInterfaceOrientationPortrait UIInterfaceOrientationLandscapeLeft UIInterfaceOrientationLandscapeRight";
				LD_RUNPATH_SEARCH_PATHS = (
					"$(inherited)",
					"@executable_path/Frameworks",
				);
				MARKETING_VERSION = 1.0;
				PRODUCT_BUNDLE_IDENTIFIER = arcacem.ToDo;
				PRODUCT_NAME = "$(TARGET_NAME)";
				SWIFT_EMIT_LOC_STRINGS = YES;
				SWIFT_VERSION = 5.0;
				TARGETED_DEVICE_FAMILY = "1,2";
			};
			name = Release;
		};
/* End XCBuildConfiguration section */

/* Begin XCConfigurationList section */
		8729E8F92A30D69C006E5F6D /* Build configuration list for PBXProject "ToDo" */ = {
			isa = XCConfigurationList;
			buildConfigurations = (
				8729E9102A30D69D006E5F6D /* Debug */,
				8729E9112A30D69D006E5F6D /* Release */,
			);
			defaultConfigurationIsVisible = 0;
			defaultConfigurationName = Release;
		};
		8729E9122A30D69D006E5F6D /* Build configuration list for PBXNativeTarget "ToDo" */ = {
			isa = XCConfigurationList;
			buildConfigurations = (
				8729E9132A30D69D006E5F6D /* Debug */,
				8729E9142A30D69D006E5F6D /* Release */,
			);
			defaultConfigurationIsVisible = 0;
			defaultConfigurationName = Release;
		};
/* End XCConfigurationList section */

/* Begin XCRemoteSwiftPackageReference section */
		870366292A30DEEF006B40B7 /* XCRemoteSwiftPackageReference "firebase-ios-sdk" */ = {
			isa = XCRemoteSwiftPackageReference;
			repositoryURL = "https://github.com/firebase/firebase-ios-sdk";
			requirement = {
				kind = upToNextMajorVersion;
				minimumVersion = 10.0.0;
			};
		};
/* End XCRemoteSwiftPackageReference section */

/* Begin XCSwiftPackageProductDependency section */
		8703662A2A30DEEF006B40B7 /* FirebaseAuth */ = {
			isa = XCSwiftPackageProductDependency;
			package = 870366292A30DEEF006B40B7 /* XCRemoteSwiftPackageReference "firebase-ios-sdk" */;
			productName = FirebaseAuth;
		};
		8703662C2A30DEEF006B40B7 /* FirebaseAuthCombine-Community */ = {
			isa = XCSwiftPackageProductDependency;
			package = 870366292A30DEEF006B40B7 /* XCRemoteSwiftPackageReference "firebase-ios-sdk" */;
			productName = "FirebaseAuthCombine-Community";
		};
		8703662E2A30DEEF006B40B7 /* FirebaseDatabase */ = {
			isa = XCSwiftPackageProductDependency;
			package = 870366292A30DEEF006B40B7 /* XCRemoteSwiftPackageReference "firebase-ios-sdk" */;
			productName = FirebaseDatabase;
		};
		870366302A30DEEF006B40B7 /* FirebaseDatabaseSwift */ = {
			isa = XCSwiftPackageProductDependency;
			package = 870366292A30DEEF006B40B7 /* XCRemoteSwiftPackageReference "firebase-ios-sdk" */;
			productName = FirebaseDatabaseSwift;
		};
		870366322A30DEEF006B40B7 /* FirebaseFirestore */ = {
			isa = XCSwiftPackageProductDependency;
			package = 870366292A30DEEF006B40B7 /* XCRemoteSwiftPackageReference "firebase-ios-sdk" */;
			productName = FirebaseFirestore;
		};
		870366342A30DEEF006B40B7 /* FirebaseFirestoreSwift */ = {
			isa = XCSwiftPackageProductDependency;
			package = 870366292A30DEEF006B40B7 /* XCRemoteSwiftPackageReference "firebase-ios-sdk" */;
			productName = FirebaseFirestoreSwift;
		};
		870366362A30DEEF006B40B7 /* FirebaseStorage */ = {
			isa = XCSwiftPackageProductDependency;
			package = 870366292A30DEEF006B40B7 /* XCRemoteSwiftPackageReference "firebase-ios-sdk" */;
			productName = FirebaseStorage;
		};
/* End XCSwiftPackageProductDependency section */
	};
	rootObject = 8729E8F62A30D69C006E5F6D /* Project object */;
}
